version = 1
revision = 3
requires-python = ">=3.12"
resolution-markers = [
    "sys_platform != 'linux' and 'freebsd' in sys_platform",
    "sys_platform != 'linux' and 'freebsd' not in sys_platform",
    "sys_platform == 'linux' and 'freebsd' in sys_platform",
    "sys_platform == 'linux' and 'freebsd' not in sys_platform",
]

[[package]]
name = "cffi"
version = "1.17.1"
source = { registry = "https://pypi.org/simple" }
dependencies = [
    { name = "pycparser", marker = "sys_platform != 'linux'" },
]
sdist = { url = "https://files.pythonhosted.org/packages/fc/97/c783634659c2920c3fc70419e3af40972dbaf758daa229a7d6ea6135c90d/cffi-1.17.1.tar.gz", hash = "sha256:1c39c6016c32bc48dd54561950ebd6836e1670f2ae46128f67cf49e789c52824", size = 516621, upload-time = "2024-09-04T20:45:21.852Z" }
wheels = [
    { url = "https://files.pythonhosted.org/packages/86/c5/28b2d6f799ec0bdecf44dced2ec5ed43e0eb63097b0f58c293583b406582/cffi-1.17.1-cp312-cp312-win32.whl", hash = "sha256:a08d7e755f8ed21095a310a693525137cfe756ce62d066e53f502a83dc550f65", size = 172448, upload-time = "2024-09-04T20:44:26.208Z" },
    { url = "https://files.pythonhosted.org/packages/50/b9/db34c4755a7bd1cb2d1603ac3863f22bcecbd1ba29e5ee841a4bc510b294/cffi-1.17.1-cp312-cp312-win_amd64.whl", hash = "sha256:51392eae71afec0d0c8fb1a53b204dbb3bcabcb3c9b807eedf3e1e6ccf2de903", size = 181976, upload-time = "2024-09-04T20:44:27.578Z" },
    { url = "https://files.pythonhosted.org/packages/bf/ee/f94057fa6426481d663b88637a9a10e859e492c73d0384514a17d78ee205/cffi-1.17.1-cp313-cp313-win32.whl", hash = "sha256:e03eab0a8677fa80d646b5ddece1cbeaf556c313dcfac435ba11f107ba117b5d", size = 172475, upload-time = "2024-09-04T20:44:43.733Z" },
    { url = "https://files.pythonhosted.org/packages/7c/fc/6a8cb64e5f0324877d503c854da15d76c1e50eb722e320b15345c4d0c6de/cffi-1.17.1-cp313-cp313-win_amd64.whl", hash = "sha256:f6a16c31041f09ead72d69f583767292f750d24913dadacf5756b966aacb3f1a", size = 182009, upload-time = "2024-09-04T20:44:45.309Z" },
]

[[package]]
name = "clr-loader"
version = "0.2.7.post0"
source = { registry = "https://pypi.org/simple" }
dependencies = [
    { name = "cffi", marker = "python_full_version >= '3.12' and sys_platform != 'linux'" },
]
sdist = { url = "https://files.pythonhosted.org/packages/d5/b3/8ae917e458394e2cebdbf17bed0a8204f8d4ffc79a093a7b1141c7731d3c/clr_loader-0.2.7.post0.tar.gz", hash = "sha256:b7a8b3f8fbb1bcbbb6382d887e21d1742d4f10b5ea209e4ad95568fe97e1c7c6", size = 56701, upload-time = "2024-12-12T20:15:15.555Z" }
wheels = [
    { url = "https://files.pythonhosted.org/packages/9c/c0/06e64a54bced4e8b885c1e7ec03ee1869e52acf69e87da40f92391a214ad/clr_loader-0.2.7.post0-py3-none-any.whl", hash = "sha256:e0b9fcc107d48347a4311a28ffe3ae78c4968edb216ffb6564cb03f7ace0bb47", size = 50649, upload-time = "2024-12-12T20:15:13.714Z" },
]

[[package]]
name = "fonttools"
version = "4.59.0"
source = { registry = "https://pypi.org/simple" }
sdist = { url = "https://files.pythonhosted.org/packages/8a/27/ec3c723bfdf86f34c5c82bf6305df3e0f0d8ea798d2d3a7cb0c0a866d286/fonttools-4.59.0.tar.gz", hash = "sha256:be392ec3529e2f57faa28709d60723a763904f71a2b63aabe14fee6648fe3b14", size = 3532521, upload-time = "2025-07-16T12:04:54.613Z" }
wheels = [
    { url = "https://files.pythonhosted.org/packages/e2/77/b1c8af22f4265e951cd2e5535dbef8859efcef4fb8dee742d368c967cddb/fonttools-4.59.0-cp312-cp312-macosx_10_13_universal2.whl", hash = "sha256:f9b3a78f69dcbd803cf2fb3f972779875b244c1115481dfbdd567b2c22b31f6b", size = 2767562, upload-time = "2025-07-16T12:04:06.895Z" },
    { url = "https://files.pythonhosted.org/packages/ff/5a/aeb975699588176bb357e8b398dfd27e5d3a2230d92b81ab8cbb6187358d/fonttools-4.59.0-cp312-cp312-macosx_10_13_x86_64.whl", hash = "sha256:57bb7e26928573ee7c6504f54c05860d867fd35e675769f3ce01b52af38d48e2", size = 2335168, upload-time = "2025-07-16T12:04:08.695Z" },
    { url = "https://files.pythonhosted.org/packages/f3/bb/390990e7c457d377b00890d9f96a3ca13ae2517efafb6609c1756e213ba4/fonttools-4.59.0-cp313-cp313-macosx_10_13_universal2.whl", hash = "sha256:78813b49d749e1bb4db1c57f2d4d7e6db22c253cb0a86ad819f5dc197710d4b2", size = 2758704, upload-time = "2025-07-16T12:04:22.217Z" },
    { url = "https://files.pythonhosted.org/packages/df/6f/d730d9fcc9b410a11597092bd2eb9ca53e5438c6cb90e4b3047ce1b723e9/fonttools-4.59.0-cp313-cp313-macosx_10_13_x86_64.whl", hash = "sha256:401b1941ce37e78b8fd119b419b617277c65ae9417742a63282257434fd68ea2", size = 2330764, upload-time = "2025-07-16T12:04:23.985Z" },
    { url = "https://files.pythonhosted.org/packages/d0/9c/df0ef2c51845a13043e5088f7bb988ca6cd5bb82d5d4203d6a158aa58cf2/fonttools-4.59.0-py3-none-any.whl", hash = "sha256:241313683afd3baacb32a6bd124d0bce7404bc5280e12e291bae1b9bba28711d", size = 1128050, upload-time = "2025-07-16T12:04:52.687Z" },
]

[[package]]
name = "gui"
version = "0.1.0"
source = { virtual = "." }
dependencies = [
    { name = "toga" },
]

[package.metadata]
requires-dist = [{ name = "toga", specifier = ">=0.5.2" }]

[[package]]
name = "pillow"
version = "11.3.0"
source = { registry = "https://pypi.org/simple" }
sdist = { url = "https://files.pythonhosted.org/packages/f3/0d/d0d6dea55cd152ce3d6767bb38a8fc10e33796ba4ba210cbab9354b6d238/pillow-11.3.0.tar.gz", hash = "sha256:3828ee7586cd0b2091b6209e5ad53e20d0649bbe87164a459d0676e035e8f523", size = 47113069, upload-time = "2025-07-01T09:16:30.666Z" }
wheels = [
    { url = "https://files.pythonhosted.org/packages/26/7d/73699ad77895f69edff76b0f332acc3d497f22f5d75e5360f78cbcaff248/pillow-11.3.0-cp312-cp312-win32.whl", hash = "sha256:7b161756381f0918e05e7cb8a371fff367e807770f8fe92ecb20d905d0e1c149", size = 6275079, upload-time = "2025-07-01T09:14:30.104Z" },
    { url = "https://files.pythonhosted.org/packages/8c/ce/e7dfc873bdd9828f3b6e5c2bbb74e47a98ec23cc5c74fc4e54462f0d9204/pillow-11.3.0-cp312-cp312-win_amd64.whl", hash = "sha256:a6444696fce635783440b7f7a9fc24b3ad10a9ea3f0ab66c5905be1c19ccf17d", size = 6986324, upload-time = "2025-07-01T09:14:31.899Z" },
    { url = "https://files.pythonhosted.org/packages/16/8f/b13447d1bf0b1f7467ce7d86f6e6edf66c0ad7cf44cf5c87a37f9bed9936/pillow-11.3.0-cp312-cp312-win_arm64.whl", hash = "sha256:2aceea54f957dd4448264f9bf40875da0415c83eb85f55069d89c0ed436e3542", size = 2423067, upload-time = "2025-07-01T09:14:33.709Z" },
    { url = "https://files.pythonhosted.org/packages/1e/93/0952f2ed8db3a5a4c7a11f91965d6184ebc8cd7cbb7941a260d5f018cd2d/pillow-11.3.0-cp313-cp313-ios_13_0_arm64_iphoneos.whl", hash = "sha256:1c627742b539bba4309df89171356fcb3cc5a9178355b2727d1b74a6cf155fbd", size = 2128328, upload-time = "2025-07-01T09:14:35.276Z" },
    { url = "https://files.pythonhosted.org/packages/4b/e8/100c3d114b1a0bf4042f27e0f87d2f25e857e838034e98ca98fe7b8c0a9c/pillow-11.3.0-cp313-cp313-ios_13_0_arm64_iphonesimulator.whl", hash = "sha256:30b7c02f3899d10f13d7a48163c8969e4e653f8b43416d23d13d1bbfdc93b9f8", size = 2170652, upload-time = "2025-07-01T09:14:37.203Z" },
    { url = "https://files.pythonhosted.org/packages/aa/86/3f758a28a6e381758545f7cdb4942e1cb79abd271bea932998fc0db93cb6/pillow-11.3.0-cp313-cp313-ios_13_0_x86_64_iphonesimulator.whl", hash = "sha256:7859a4cc7c9295f5838015d8cc0a9c215b77e43d07a25e460f35cf516df8626f", size = 2227443, upload-time = "2025-07-01T09:14:39.344Z" },
    { url = "https://files.pythonhosted.org/packages/45/9c/9c5e2a73f125f6cbc59cc7087c8f2d649a7ae453f83bd0362ff7c9e2aee2/pillow-11.3.0-cp313-cp313-win32.whl", hash = "sha256:a4d336baed65d50d37b88ca5b60c0fa9d81e3a87d4a7930d3880d1624d5b31f3", size = 6273841, upload-time = "2025-07-01T09:14:54.142Z" },
    { url = "https://files.pythonhosted.org/packages/23/85/397c73524e0cd212067e0c969aa245b01d50183439550d24d9f55781b776/pillow-11.3.0-cp313-cp313-win_amd64.whl", hash = "sha256:0bce5c4fd0921f99d2e858dc4d4d64193407e1b99478bc5cacecba2311abde51", size = 6978450, upload-time = "2025-07-01T09:14:56.436Z" },
    { url = "https://files.pythonhosted.org/packages/17/d2/622f4547f69cd173955194b78e4d19ca4935a1b0f03a302d655c9f6aae65/pillow-11.3.0-cp313-cp313-win_arm64.whl", hash = "sha256:1904e1264881f682f02b7f8167935cce37bc97db457f8e7849dc3a6a52b99580", size = 2423055, upload-time = "2025-07-01T09:14:58.072Z" },
    { url = "https://files.pythonhosted.org/packages/49/6b/00187a044f98255225f172de653941e61da37104a9ea60e4f6887717e2b5/pillow-11.3.0-cp313-cp313t-win32.whl", hash = "sha256:2a3117c06b8fb646639dce83694f2f9eac405472713fcb1ae887469c0d4f6788", size = 6277546, upload-time = "2025-07-01T09:15:11.311Z" },
    { url = "https://files.pythonhosted.org/packages/e8/5c/6caaba7e261c0d75bab23be79f1d06b5ad2a2ae49f028ccec801b0e853d6/pillow-11.3.0-cp313-cp313t-win_amd64.whl", hash = "sha256:857844335c95bea93fb39e0fa2726b4d9d758850b34075a7e3ff4f4fa3aa3b31", size = 6985102, upload-time = "2025-07-01T09:15:13.164Z" },
    { url = "https://files.pythonhosted.org/packages/f3/7e/b623008460c09a0cb38263c93b828c666493caee2eb34ff67f778b87e58c/pillow-11.3.0-cp313-cp313t-win_arm64.whl", hash = "sha256:8797edc41f3e8536ae4b10897ee2f637235c94f27404cac7297f7b607dd0716e", size = 2424803, upload-time = "2025-07-01T09:15:15.695Z" },
    { url = "https://files.pythonhosted.org/packages/e7/95/88efcaf384c3588e24259c4203b909cbe3e3c2d887af9e938c2022c9dd48/pillow-11.3.0-cp314-cp314-win32.whl", hash = "sha256:02a723e6bf909e7cea0dac1b0e0310be9d7650cd66222a5f1c571455c0a45214", size = 6370911, upload-time = "2025-07-01T09:15:29.294Z" },
    { url = "https://files.pythonhosted.org/packages/2e/cc/934e5820850ec5eb107e7b1a72dd278140731c669f396110ebc326f2a503/pillow-11.3.0-cp314-cp314-win_amd64.whl", hash = "sha256:a418486160228f64dd9e9efcd132679b7a02a5f22c982c78b6fc7dab3fefb635", size = 7117383, upload-time = "2025-07-01T09:15:31.128Z" },
    { url = "https://files.pythonhosted.org/packages/d6/e9/9c0a616a71da2a5d163aa37405e8aced9a906d574b4a214bede134e731bc/pillow-11.3.0-cp314-cp314-win_arm64.whl", hash = "sha256:155658efb5e044669c08896c0c44231c5e9abcaadbc5cd3648df2f7c0b96b9a6", size = 2511385, upload-time = "2025-07-01T09:15:33.328Z" },
    { url = "https://files.pythonhosted.org/packages/f0/77/bc6f92a3e8e6e46c0ca78abfffec0037845800ea38c73483760362804c41/pillow-11.3.0-cp314-cp314t-win32.whl", hash = "sha256:118ca10c0d60b06d006be10a501fd6bbdfef559251ed31b794668ed569c87e12", size = 6377370, upload-time = "2025-07-01T09:15:46.673Z" },
    { url = "https://files.pythonhosted.org/packages/4a/82/3a721f7d69dca802befb8af08b7c79ebcab461007ce1c18bd91a5d5896f9/pillow-11.3.0-cp314-cp314t-win_amd64.whl", hash = "sha256:8924748b688aa210d79883357d102cd64690e56b923a186f35a82cbc10f997db", size = 7121500, upload-time = "2025-07-01T09:15:48.512Z" },
    { url = "https://files.pythonhosted.org/packages/89/c7/5572fa4a3f45740eaab6ae86fcdf7195b55beac1371ac8c619d880cfe948/pillow-11.3.0-cp314-cp314t-win_arm64.whl", hash = "sha256:79ea0d14d3ebad43ec77ad5272e6ff9bba5b679ef73375ea760261207fa8e0aa", size = 2512835, upload-time = "2025-07-01T09:15:50.399Z" },
]

[[package]]
name = "pycairo"
version = "1.28.0"
source = { registry = "https://pypi.org/simple" }
sdist = { url = "https://files.pythonhosted.org/packages/40/d9/412da520de9052b7e80bfc810ec10f5cb3dbfa4aa3e23c2820dc61cdb3d0/pycairo-1.28.0.tar.gz", hash = "sha256:26ec5c6126781eb167089a123919f87baa2740da2cca9098be8b3a6b91cc5fbc", size = 662477, upload-time = "2025-04-14T20:11:08.218Z" }
wheels = [
    { url = "https://files.pythonhosted.org/packages/a9/d7/206d7945aac5c6c889e7fea4011410d1311455a1d8dfce66106d8d700b7f/pycairo-1.28.0-cp312-cp312-win32.whl", hash = "sha256:c00cfbb7f30eb7ca1d48886712932e2d91e8835a8496f4e423878296ceba573e", size = 750594, upload-time = "2025-04-14T20:10:53.72Z" },
    { url = "https://files.pythonhosted.org/packages/2e/ba/259fc9a4d3afdad1e5b9db52b9d8a5df67f70dd787167185e8ec8a1af007/pycairo-1.28.0-cp312-cp312-win_amd64.whl", hash = "sha256:d50d190f5033992b55050b9f337ee42a45c3568445d5e5d7987bab96c278d8a6", size = 841767, upload-time = "2025-04-14T20:10:56.711Z" },
    { url = "https://files.pythonhosted.org/packages/c0/08/aa0903612ea0e8686ad6af58d4fb9cbab8ee0b0831201cddf7abd578d045/pycairo-1.28.0-cp312-cp312-win_arm64.whl", hash = "sha256:957e0340ee1c279d197d4f7cfa96f6d8b48e453eec711fca999748d752468ff4", size = 691687, upload-time = "2025-04-16T19:30:23.729Z" },
    { url = "https://files.pythonhosted.org/packages/59/a7/c3e5ed55781dfe1b31eb4a2482aeae707671f3d36b0ea53a1722f4a3dfe9/pycairo-1.28.0-cp313-cp313-win32.whl", hash = "sha256:d13352429d8a08a1cb3607767d23d2fb32e4c4f9faa642155383980ec1478c24", size = 750594, upload-time = "2025-04-14T20:10:59.284Z" },
    { url = "https://files.pythonhosted.org/packages/8b/1c/ebadd290748aff3b6bc35431114d41e7a42f40a4b988c2aaf2dfed5d8156/pycairo-1.28.0-cp313-cp313-win_amd64.whl", hash = "sha256:082aef6b3a9dcc328fa648d38ed6b0a31c863e903ead57dd184b2e5f86790140", size = 841774, upload-time = "2025-04-14T20:11:01.79Z" },
    { url = "https://files.pythonhosted.org/packages/3e/ce/a3f5f1946613cd8a4654322b878c59f273c6e9b01dfadadd3f609070e0b9/pycairo-1.28.0-cp313-cp313-win_arm64.whl", hash = "sha256:026afd53b75291917a7412d9fe46dcfbaa0c028febd46ff1132d44a53ac2c8b6", size = 691675, upload-time = "2025-04-16T19:30:26.565Z" },
    { url = "https://files.pythonhosted.org/packages/96/1b/1f5da2b2e44b33a5b269ff28af710b0a7903001d9cf8a40d00fc944a5092/pycairo-1.28.0-cp314-cp314-win32.whl", hash = "sha256:d0ab30585f536101ad6f09052fc3895e2a437ba57531ea07223d0e076248025d", size = 766699, upload-time = "2025-07-24T06:36:07.267Z" },
    { url = "https://files.pythonhosted.org/packages/c9/91/1d5f18bd3ed469b1de8f83bfbf8bd67d23439f075151b66740fd35356190/pycairo-1.28.0-cp314-cp314-win_amd64.whl", hash = "sha256:94f2ed204999ab95a0671a0fa948ffbb9f3d6fb8731fe787917f6d022d9c1c0f", size = 868725, upload-time = "2025-07-24T06:36:09.597Z" },
]

[[package]]
name = "pycparser"
version = "2.22"
source = { registry = "https://pypi.org/simple" }
sdist = { url = "https://files.pythonhosted.org/packages/1d/b2/31537cf4b1ca988837256c910a668b553fceb8f069bedc4b1c826024b52c/pycparser-2.22.tar.gz", hash = "sha256:491c8be9c040f5390f5bf44a5b07752bd07f56edf992381b05c701439eec10f6", size = 172736, upload-time = "2024-03-30T13:22:22.564Z" }
wheels = [
    { url = "https://files.pythonhosted.org/packages/13/a3/a812df4e2dd5696d1f351d58b8fe16a405b234ad2886a0dab9183fb78109/pycparser-2.22-py3-none-any.whl", hash = "sha256:c3702b6d3dd8c7abc1afa565d7e63d53a1d0bd86cdc24edd75470f4de499cfcc", size = 117552, upload-time = "2024-03-30T13:22:20.476Z" },
]

[[package]]
name = "pygobject"
version = "3.52.3"
source = { registry = "https://pypi.org/simple" }
dependencies = [
    { name = "pycairo", marker = "'freebsd' in sys_platform or sys_platform == 'linux'" },
]
sdist = { url = "https://files.pythonhosted.org/packages/4a/36/fec530a313d3d48f12e112ac0a65ee3ccc87f385123a0493715609e8e99c/pygobject-3.52.3.tar.gz", hash = "sha256:00e427d291e957462a8fad659a9f9c8be776ff82a8b76bdf402f1eaeec086d82", size = 1235825, upload-time = "2025-03-16T18:22:57.1Z" }

[[package]]
name = "pythonnet"
version = "3.0.5"
source = { registry = "https://pypi.org/simple" }
dependencies = [
    { name = "clr-loader", marker = "sys_platform != 'linux'" },
]
sdist = { url = "https://files.pythonhosted.org/packages/9a/d6/1afd75edd932306ae9bd2c2d961d603dc2b52fcec51b04afea464f1f6646/pythonnet-3.0.5.tar.gz", hash = "sha256:48e43ca463941b3608b32b4e236db92d8d40db4c58a75ace902985f76dac21cf", size = 239212, upload-time = "2024-12-13T08:30:44.393Z" }
wheels = [
    { url = "https://files.pythonhosted.org/packages/cd/f1/bfb6811df4745f92f14c47a29e50e89a36b1533130fcc56452d4660bd2d6/pythonnet-3.0.5-py3-none-any.whl", hash = "sha256:f6702d694d5d5b163c9f3f5cc34e0bed8d6857150237fae411fefb883a656d20", size = 297506, upload-time = "2024-12-13T08:30:40.661Z" },
]

[[package]]
name = "rubicon-objc"
version = "0.5.2"
source = { registry = "https://pypi.org/simple" }
sdist = { url = "https://files.pythonhosted.org/packages/a7/2f/612049b8601e810080f63f4b85acbf2ed0784349088d3c944eb288e1d487/rubicon_objc-0.5.2.tar.gz", hash = "sha256:1180593935f6a8a39c23b5f4b7baa24aedf9f7285e80804a1d9d6b50a50572f5", size = 175710, upload-time = "2025-08-07T06:12:25.194Z" }
wheels = [
    { url = "https://files.pythonhosted.org/packages/9f/a4/11ad29100060af56408ed084dca76a16d2ce8eb31b75081bfc0eec45d755/rubicon_objc-0.5.2-py3-none-any.whl", hash = "sha256:829b253c579e51fc34f4bb6587c34806e78960dcc1eb24e62b38141a1fe02b39", size = 63512, upload-time = "2025-08-07T06:12:23.766Z" },
]

[[package]]
name = "toga"
version = "0.5.2"
source = { registry = "https://pypi.org/simple" }
dependencies = [
    { name = "toga-android", marker = "sys_platform == 'android'" },
    { name = "toga-cocoa", marker = "sys_platform == 'darwin'" },
    { name = "toga-gtk", marker = "'freebsd' in sys_platform or sys_platform == 'linux'" },
    { name = "toga-ios", marker = "sys_platform == 'ios'" },
    { name = "toga-web", marker = "sys_platform == 'emscripten'" },
    { name = "toga-winforms", marker = "sys_platform == 'win32'" },
]
sdist = { url = "https://files.pythonhosted.org/packages/b4/39/87b9de677d85e820f9afefb661d4cc50634968b66fe760fa7b21a123a451/toga-0.5.2.tar.gz", hash = "sha256:3bf951c5689d8fb4a08f17d8d95312b68f861a3c729753cf8db91ccd4fb49438", size = 4010, upload-time = "2025-07-10T07:27:09.269Z" }
wheels = [
    { url = "https://files.pythonhosted.org/packages/c9/b5/42c480368f842f19685dd251717cd3dd28529c2ea0ee69f77a3c71c79710/toga-0.5.2-py3-none-any.whl", hash = "sha256:380c5e012836d0cfa3911ccfee0588ee2f0578bd2f1039996542b7adc59f5394", size = 3451, upload-time = "2025-07-10T07:27:07.641Z" },
]

[[package]]
name = "toga-android"
version = "0.5.2"
source = { registry = "https://pypi.org/simple" }
dependencies = [
    { name = "toga-core", marker = "sys_platform != 'linux'" },
]
sdist = { url = "https://files.pythonhosted.org/packages/1d/1c/9e3d9f68ae4b2b4da9a5f21c6b3651da197faa14a22a86912817ec8e0184/toga_android-0.5.2.tar.gz", hash = "sha256:98c5f0a0ef4d52e380b706e54473049c737144d28b278ace58f6e5cbc39b25f2", size = 75418, upload-time = "2025-07-10T07:27:20.005Z" }
wheels = [
    { url = "https://files.pythonhosted.org/packages/ba/67/a6d57b0206f395ea568075f4c39b2eb5363fd8c819fad96f6868a5fb13fd/toga_android-0.5.2-py3-none-any.whl", hash = "sha256:e9e70d7c8b6129577c4acd1f7bdd456c27e3da77c839612ff2dcc762bb0839ba", size = 69631, upload-time = "2025-07-10T07:27:18.623Z" },
]

[[package]]
name = "toga-cocoa"
version = "0.5.2"
source = { registry = "https://pypi.org/simple" }
dependencies = [
    { name = "fonttools", marker = "sys_platform != 'linux'" },
    { name = "rubicon-objc", marker = "sys_platform != 'linux'" },
    { name = "toga-core", marker = "sys_platform != 'linux'" },
]
sdist = { url = "https://files.pythonhosted.org/packages/9e/79/8c0c75e6d5f1c20b4b0f2293e0ede4c2eb6415eb913a50107c6253b142a4/toga_cocoa-0.5.2.tar.gz", hash = "sha256:dd8e1e29eff53c2e4cbe3ded9ea037716062b65f82b9cac478a82e15ba0a2750", size = 472863, upload-time = "2025-07-10T07:27:49.043Z" }
wheels = [
    { url = "https://files.pythonhosted.org/packages/24/da/0604e4e032bf665db5e93be8928f90426fa7ce3c2b5962bcd1306ef24815/toga_cocoa-0.5.2-py3-none-any.whl", hash = "sha256:a4d5d1546bf92372a6fb1b450164735fb107b2ee69d15bf87421fec3c78465f9", size = 469054, upload-time = "2025-07-10T07:27:45.889Z" },
]

[[package]]
name = "toga-core"
version = "0.5.2"
source = { registry = "https://pypi.org/simple" }
dependencies = [
    { name = "travertino" },
]
sdist = { url = "https://files.pythonhosted.org/packages/bd/69/a138aeec6ea432506a620d7efafc6beef8c2204f4ab2b7aa11848e6930f5/toga_core-0.5.2.tar.gz", hash = "sha256:bdd3760146b74c8d315cb901392c2b645ab3e5d4cd90114f3e36e0e7dad3d6d1", size = 1020525, upload-time = "2025-07-10T07:27:28.818Z" }
wheels = [
    { url = "https://files.pythonhosted.org/packages/18/a0/d36e2c901e1dd4ff074f16c21963edb8ec38a1fd575d940bc5b8eb5f8c19/toga_core-0.5.2-py3-none-any.whl", hash = "sha256:e872cebd2d899e9138f73393e8cd834a55a057aa269608ff7314a853ab33cb4e", size = 145756, upload-time = "2025-07-10T07:27:27.457Z" },
]

[[package]]
name = "toga-gtk"
version = "0.5.2"
source = { registry = "https://pypi.org/simple" }
dependencies = [
    { name = "pycairo", marker = "'freebsd' in sys_platform or sys_platform == 'linux'" },
    { name = "pygobject", marker = "'freebsd' in sys_platform or sys_platform == 'linux'" },
    { name = "toga-core", marker = "'freebsd' in sys_platform or sys_platform == 'linux'" },
]
sdist = { url = "https://files.pythonhosted.org/packages/1d/f8/6230cb3371472bc109f1c2d681a06d20f2d640bb9d5d07e1151461dd8286/toga_gtk-0.5.2.tar.gz", hash = "sha256:9212db774dd5f47820d2242bb09c9f44e12e87e3db49ccb967016c6bb311139b", size = 75816, upload-time = "2025-07-10T07:27:51.989Z" }
wheels = [
    { url = "https://files.pythonhosted.org/packages/29/c5/370025ed8fd794e9c31d825a79676aed4cefff0ba73d5706487674538e05/toga_gtk-0.5.2-py3-none-any.whl", hash = "sha256:15b346ac1a2584de5effe5e73a3888f055c68c93300aeb111db9d64186b31646", size = 71496, upload-time = "2025-07-10T07:27:49.844Z" },
]

[[package]]
name = "toga-ios"
version = "0.5.2"
source = { registry = "https://pypi.org/simple" }
dependencies = [
    { name = "fonttools", marker = "sys_platform != 'linux'" },
    { name = "rubicon-objc", marker = "sys_platform != 'linux'" },
    { name = "toga-core", marker = "sys_platform != 'linux'" },
]
sdist = { url = "https://files.pythonhosted.org/packages/2d/8f/62b0f527d2bf91f3f2444250419d2c2a465d69b8041ed3093d257d30bb8b/toga_ios-0.5.2.tar.gz", hash = "sha256:ff806df5acc13185fe2ef6d0c848e84719041fb050e29beb6de63524cfd7f0ac", size = 442486, upload-time = "2025-07-10T07:27:50.982Z" }
wheels = [
    { url = "https://files.pythonhosted.org/packages/47/df/570273db46aa8ed34ae558883baf96ebe66dae4892a0021ee7207e30e5c7/toga_ios-0.5.2-py3-none-any.whl", hash = "sha256:67a0b5335c3e55e123ae4f288aab84054d966b1421ec7d45db8fb5cc18978534", size = 439657, upload-time = "2025-07-10T07:27:49.242Z" },
]

[[package]]
name = "toga-web"
version = "0.5.2"
source = { registry = "https://pypi.org/simple" }
dependencies = [
    { name = "toga-core", marker = "sys_platform != 'linux'" },
]
sdist = { url = "https://files.pythonhosted.org/packages/fc/c4/02c378dc622d5fd890fa05582105d9d642e13f47f55af9c7ef740c392b18/toga_web-0.5.2.tar.gz", hash = "sha256:5f9b988ae229b63f22be63997745207fc916f792b4ec4ef58f998b4c85ff9576", size = 18858, upload-time = "2025-07-10T07:28:04.011Z" }
wheels = [
    { url = "https://files.pythonhosted.org/packages/ff/01/7f26436d846e3454e6fdb772acddf26e8fb9ea9f8e58c2caa0e7ac893492/toga_web-0.5.2-py3-none-any.whl", hash = "sha256:f26c10b2406628adf65390f8ba0c6b62c6526bea5b586122a3b43722b5d0bf32", size = 24218, upload-time = "2025-07-10T07:28:02.721Z" },
]

[[package]]
name = "toga-winforms"
version = "0.5.2"
source = { registry = "https://pypi.org/simple" }
dependencies = [
    { name = "pillow", marker = "sys_platform != 'linux'" },
    { name = "pythonnet", marker = "sys_platform != 'linux'" },
    { name = "toga-core", marker = "sys_platform != 'linux'" },
]
sdist = { url = "https://files.pythonhosted.org/packages/19/5d/b6ba2fb7633b64c9afe980a2f1a2d85feac6632f4f7326c1df6208754485/toga_winforms-0.5.2.tar.gz", hash = "sha256:7e65ee9a31db6588c41c01cc49c12df1b2019581410be6ba7c685e7ac75f7c4a", size = 473736, upload-time = "2025-07-10T07:27:53.534Z" }
wheels = [
    { url = "https://files.pythonhosted.org/packages/e3/3a/f886b6a800df1a45ee324cdea847d26375676a3a71d11e99d25a0963ff4c/toga_winforms-0.5.2-py3-none-any.whl", hash = "sha256:83181309f204bcc4a34709d23fdfd68467ae8ecc39c906d13c661cb9a0ef581b", size = 473993, upload-time = "2025-07-10T07:27:50.519Z" },
]

[[package]]
name = "travertino"
version = "0.5.2"
source = { registry = "https://pypi.org/simple" }
sdist = { url = "https://files.pythonhosted.org/packages/07/49/ae6e4095f1912b3908f69e7a98727783074a57779a5de6378d98498ea81d/travertino-0.5.2.tar.gz", hash = "sha256:5afcc673e14e16c3c04c0e3fe387062633e6bc88e87bc0bbd214a04b4dfbbcd4", size = 45317, upload-time = "2025-07-10T07:28:16.067Z" }
wheels = [
    { url = "https://files.pythonhosted.org/packages/3f/32/a98b25be7427adff43af8646eac38df48962c5a2aa707437c6ca480e21a3/travertino-0.5.2-py3-none-any.whl", hash = "sha256:fd69ac3b14f2847e4c972198588b8a86ca3b437aaa0c8ce7259bbe5dab17aff1", size = 24492, upload-time = "2025-07-10T07:28:14.363Z" },
]
